lockfileVersion: '6.0'

dependencies:
  guy:
    specifier: ^13.6.0
    version: 13.6.0(acorn-loose@8.3.0)(acorn-walk@8.2.0)(acorn@8.8.2)(astring@1.8.4)(dayjs@1.11.7)(tmp@0.2.1)

packages:

  /acorn-loose@8.3.0:
    resolution: {integrity: sha512-75lAs9H19ldmW+fAbyqHdjgdCrz0pWGXKmnqFoh8PyVd1L2RIb4RzYrSjmopeqv3E1G3/Pimu6GgLlrGbrkF7w==}
    engines: {node: '>=0.4.0'}
    dependencies:
      acorn: 8.8.2
    dev: false

  /acorn-walk@8.2.0:
    resolution: {integrity: sha512-k+iyHEuPgSw6SbuDpGQM+06HQUa04DZ3o+F6CSzXMvvI5KMvnaEqXe+YVe555R9nn6GPt404fos4wcgpw12SDA==}
    engines: {node: '>=0.4.0'}
    dev: false

  /acorn@8.8.2:
    resolution: {integrity: sha512-xjIYgE8HBrkpd/sJqOGNspf8uHG+NOHGOw6a/Urj8taM2EXfdNAH2oFcPeIFfsv3+kz/mJrS5VuMqbNLjCa2vw==}
    engines: {node: '>=0.4.0'}
    hasBin: true
    dev: false

  /astring@1.8.4:
    resolution: {integrity: sha512-97a+l2LBU3Op3bBQEff79i/E4jMD2ZLFD8rHx9B6mXyB2uQwhJQYfiDqUwtfjF4QA1F2qs//N6Cw8LetMbQjcw==}
    hasBin: true
    dev: false

  /balanced-match@1.0.2:
    resolution: {integrity: sha512-3oSeUO0TMV67hN1AmbXsK4yaqU7tjiHlbxRDZOpH0KW9+CeX4bRAaX0Anxt0tx2MrpRpWwQaPwIlISEJhYU5Pw==}
    dev: false

  /brace-expansion@1.1.11:
    resolution: {integrity: sha512-iCuPHDFgrHX7H2vEI/5xpz07zSHB00TpugqhmYtVmMO6518mCuRMoOYFldEBl0g187ufozdaHgWKcYFb61qGiA==}
    dependencies:
      balanced-match: 1.0.2
      concat-map: 0.0.1
    dev: false

  /concat-map@0.0.1:
    resolution: {integrity: sha512-/Srv4dswyQNBfohGpz9o6Yb3Gz3SrUDqBH5rTuhGR7ahtlbYKnVxw2bCFMRljaA7EXHaXZ8wsHdodFvbkhKmqg==}
    dev: false

  /dayjs@1.11.7:
    resolution: {integrity: sha512-+Yw9U6YO5TQohxLcIkrXBeY73WP3ejHWVvx8XCk3gxvQDCTEmS48ZrSZCKciI7Bhl/uCMyxYtE9UqRILmFphkQ==}
    dev: false

  /fs.realpath@1.0.0:
    resolution: {integrity: sha512-OO0pH2lK6a0hZnAdau5ItzHPI6pUlvI7jMVnxUQRtw4owF2wk8lOSabtGDCTP4Ggrg2MbGnWO9X8K1t4+fGMDw==}
    dev: false

  /glob@7.2.3:
    resolution: {integrity: sha512-nFR0zLpU2YCaRxwoCJvL6UvCH2JFyFVIvwTLsIf21AuHlMskA1hhTdk+LlYJtOlYt9v6dvszD2BGRqBL+iQK9Q==}
    dependencies:
      fs.realpath: 1.0.0
      inflight: 1.0.6
      inherits: 2.0.4
      minimatch: 3.1.2
      once: 1.4.0
      path-is-absolute: 1.0.1
    dev: false

  /guy@13.6.0(acorn-loose@8.3.0)(acorn-walk@8.2.0)(acorn@8.8.2)(astring@1.8.4)(dayjs@1.11.7)(tmp@0.2.1):
    resolution: {integrity: sha512-xwiwH/L2n0GnpkCKBRfd23bNgNWj3359JU/XjCSy6bZlLHjfXgKrXuDEnJyqjhBG7HWtPyKnatgdxzVRb3Xw6g==}
    peerDependencies:
      acorn: ^8.7.1
      acorn-loose: ^8.3.0
      acorn-walk: ^8.2.0
      astring: ^1.8.3
      dayjs: ^1.11.7
      tmp: ^0.2.1
    dependencies:
      acorn: 8.8.2
      acorn-loose: 8.3.0
      acorn-walk: 8.2.0
      astring: 1.8.4
      dayjs: 1.11.7
      intertype-legacy: 7.7.1
      letsfreezethat: 3.1.0
      tmp: 0.2.1
    dev: false

  /inflight@1.0.6:
    resolution: {integrity: sha512-k92I/b08q4wvFscXCLvqfsHCrjrF7yiXsQuIVvVE7N82W3+aqpzuUdBbfhWcy/FZR3/4IgflMgKLOsvPDrGCJA==}
    dependencies:
      once: 1.4.0
      wrappy: 1.0.2
    dev: false

  /inherits@2.0.4:
    resolution: {integrity: sha512-k/vGaX4/Yla3WzyMCvTQOXYeIHvqOKtnqBduzTHpzpQZzAskKMhZ2K+EnBiSM9zGSoIFeMpXKxa4dYeZIQqewQ==}
    dev: false

  /intertype-legacy@7.7.1:
    resolution: {integrity: sha512-Bj3k9bCu8vA6JLIvnCrJXOdkecgY5wtCmORclJ87uq22N53swREHT5bezSeK5TwcxgSJEDg2wEfcn4kNr9Qv8A==}
    dependencies:
      multimix: 5.0.0
    dev: false

  /letsfreezethat@3.1.0:
    resolution: {integrity: sha512-jJ1nvvQi6unW0WifjNPMIb64Byom0EXzSKWFYA++EpyjK3qv1J2pqeSoEJ61tGJoNG0GoNjPoeLYhxW16riZaA==}
    dev: false

  /minimatch@3.1.2:
    resolution: {integrity: sha512-J7p63hRiAjw1NDEww1W7i37+ByIrOWO5XQQAzZ3VOcL0PNybwpfmV/N05zFAzwQ9USyEcX6t3UO+K5aqBQOIHw==}
    dependencies:
      brace-expansion: 1.1.11
    dev: false

  /multimix@5.0.0:
    resolution: {integrity: sha512-N9cdGSDDD7kxOV7R6e4iZqsHTZ4F4iiSDWqMcVqx4gEH6HBtRXav39Gj3fgT1YqvBcwPCQuf0Oa5R2cDaLWK8A==}
    dev: false

  /once@1.4.0:
    resolution: {integrity: sha512-lNaJgI+2Q5URQBkccEKHTQOPaXdUxnZZElQTZY0MFUAuaEqe1E+Nyvgdz/aIyNi6Z9MzO5dv1H8n58/GELp3+w==}
    dependencies:
      wrappy: 1.0.2
    dev: false

  /path-is-absolute@1.0.1:
    resolution: {integrity: sha512-AVbw3UJ2e9bq64vSaS9Am0fje1Pa8pbGqTTsmXfaIiMpnr5DlDhfJOuLj9Sf95ZPVDAUerDfEk88MPmPe7UCQg==}
    engines: {node: '>=0.10.0'}
    dev: false

  /rimraf@3.0.2:
    resolution: {integrity: sha512-JZkJMZkAGFFPP2YqXZXPbMlMBgsxzE8ILs4lMIX/2o0L9UBw9O/Y3o6wFw/i9YLapcUJWwqbi3kdxIPdC62TIA==}
    hasBin: true
    dependencies:
      glob: 7.2.3
    dev: false

  /tmp@0.2.1:
    resolution: {integrity: sha512-76SUhtfqR2Ijn+xllcI5P1oyannHNHByD80W1q447gU3mp9G9PSpGdWmjUOHRDPiHYacIk66W7ubDTuPF3BEtQ==}
    engines: {node: '>=8.17.0'}
    dependencies:
      rimraf: 3.0.2
    dev: false

  /wrappy@1.0.2:
    resolution: {integrity: sha512-l4Sp/DRseor9wL6EvV2+TuQn63dMkPjZ/sp9XkghTEbV9KlPS1xUsZ3u7/IQO4wxtcFB4bgpQPRcR3QCvezPcQ==}
    dev: false
